# This file is generated by running "yarn install" inside your project.
# Manual changes might be lost - proceed with caution!

__metadata:
  version: 6
  cacheKey: 8

"asap@npm:~2.0.6":
  version: 2.0.6
  resolution: "asap@npm:2.0.6"
  checksum: b296c92c4b969e973260e47523207cd5769abd27c245a68c26dc7a0fe8053c55bb04360237cb51cab1df52be939da77150ace99ad331fb7fb13b3423ed73ff3d
  languageName: node
  linkType: hard

"code@workspace:.":
  version: 0.0.0-use.local
  resolution: "code@workspace:."
  dependencies:
    jquery: 3.5.1
    promise: 8.1.0
    react: 16.8.6
    redux: 4.0.1
  languageName: unknown
  linkType: soft

"jquery@npm:3.5.1":
  version: 3.5.1
  resolution: "jquery@npm:3.5.1"
  checksum: 813047b852511ca1ecfaa7b2568aba1d7270a92e5c74962b308792a401adf041869a3b2a6858b0b7a02f6684947fb93171e40cbb4460831977a937b40b0e15ce
  languageName: node
  linkType: hard

"js-tokens@npm:^3.0.0 || ^4.0.0":
  version: 4.0.0
  resolution: "js-tokens@npm:4.0.0"
  checksum: 8a95213a5a77deb6cbe94d86340e8d9ace2b93bc367790b260101d2f36a2eaf4e4e22d9fa9cf459b38af3a32fb4190e638024cf82ec95ef708680e405ea7cc78
  languageName: node
  linkType: hard

"loose-envify@npm:^1.1.0, loose-envify@npm:^1.4.0":
  version: 1.4.0
  resolution: "loose-envify@npm:1.4.0"
  dependencies:
    js-tokens: ^3.0.0 || ^4.0.0
  bin:
    loose-envify: cli.js
  checksum: 6517e24e0cad87ec9888f500c5b5947032cdfe6ef65e1c1936a0c48a524b81e65542c9c3edc91c97d5bddc806ee2a985dbc79be89215d613b1de5db6d1cfe6f4
  languageName: node
  linkType: hard

"object-assign@npm:^4.1.1":
  version: 4.1.1
  resolution: "object-assign@npm:4.1.1"
  checksum: fcc6e4ea8c7fe48abfbb552578b1c53e0d194086e2e6bbbf59e0a536381a292f39943c6e9628af05b5528aa5e3318bb30d6b2e53cadaf5b8fe9e12c4b69af23f
  languageName: node
  linkType: hard

"promise@npm:8.1.0":
  version: 8.1.0
  resolution: "promise@npm:8.1.0"
  dependencies:
    asap: ~2.0.6
  checksum: 89b71a56154ed7d66a73236d8e8351a9c59adddba3929ecc845f75421ff37fc08ea0c67ad76cd5c0b0d81812c7d07a32bed27e7df5fcc960c6d68b0c1cd771f7
  languageName: node
  linkType: hard

"prop-types@npm:^15.6.2":
  version: 15.8.1
  resolution: "prop-types@npm:15.8.1"
  dependencies:
    loose-envify: ^1.4.0
    object-assign: ^4.1.1
    react-is: ^16.13.1
  checksum: c056d3f1c057cb7ff8344c645450e14f088a915d078dcda795041765047fa080d38e5d626560ccaac94a4e16e3aa15f3557c1a9a8d1174530955e992c675e459
  languageName: node
  linkType: hard

"react-is@npm:^16.13.1":
  version: 16.13.1
  resolution: "react-is@npm:16.13.1"
  checksum: f7a19ac3496de32ca9ae12aa030f00f14a3d45374f1ceca0af707c831b2a6098ef0d6bdae51bd437b0a306d7f01d4677fcc8de7c0d331eb47ad0f46130e53c5f
  languageName: node
  linkType: hard

"react@npm:16.8.6":
  version: 16.8.6
  resolution: "react@npm:16.8.6"
  dependencies:
    loose-envify: ^1.1.0
    object-assign: ^4.1.1
    prop-types: ^15.6.2
    scheduler: ^0.13.6
  checksum: 8dfdbec9af6999c2cfb33a9389995c6401daba732e1ee7e0a4920d28fd2e8e6b0fde99dfe4b8e2f81efc4a962c92656e3e79e221323449e55850232163f15ff4
  languageName: node
  linkType: hard

"redux@npm:4.0.1":
  version: 4.0.1
  resolution: "redux@npm:4.0.1"
  dependencies:
    loose-envify: ^1.4.0
    symbol-observable: ^1.2.0
  checksum: f3a4e19b0413cc73ccdbe9f71977292dca9760606ab783aed516c90ca04e931fa1af573c6c55bc506580a2805d4ec0d50edde0b14d7d854f0a66da40f36184b2
  languageName: node
  linkType: hard

"scheduler@npm:^0.13.6":
  version: 0.13.6
  resolution: "scheduler@npm:0.13.6"
  dependencies:
    loose-envify: ^1.1.0
    object-assign: ^4.1.1
  checksum: c82c705f6d0d6df87b26bf2cca33f427e91889438c0435ade3ee7f41860eda4dd7f3171ca2d93e8fe9431f3bd831ca0e267a401a0296e4b14de05e389f82d320
  languageName: node
  linkType: hard

"symbol-observable@npm:^1.2.0":
  version: 1.2.0
  resolution: "symbol-observable@npm:1.2.0"
  checksum: 48ffbc22e3d75f9853b3ff2ae94a44d84f386415110aea5effc24d84c502e03a4a6b7a8f75ebaf7b585780bda34eb5d6da3121f826a6f93398429d30032971b6
  languageName: node
  linkType: hard