# This file is generated by running "yarn install" inside your project.
# Manual changes might be lost - proceed with caution!

__metadata:
  version: 6
  cacheKey: 8

"asap@npm:~2.0.6":
  version: 2.0.6
  resolution: "asap@npm:2.0.6"
  checksum: b296c92c4b969e973260e47523207cd5769abd27c245a68c26dc7a0fe8053c55bb04360237cb51cab1df52be939da77150ace99ad331fb7fb13b3423ed73ff3d
  languageName: node
  linkType: hard

"code@workspace:.":
  version: 0.0.0-use.local
  resolution: "code@workspace:."
  dependencies:
    jquery: 3.5.1
    promise: 8.1.0
  languageName: unknown
  linkType: soft

"jquery@npm:3.5.1":
  version: 3.5.1
  resolution: "jquery@npm:3.5.1"
  checksum: 813047b852511ca1ecfaa7b2568aba1d7270a92e5c74962b308792a401adf041869a3b2a6858b0b7a02f6684947fb93171e40cbb4460831977a937b40b0e15ce
  languageName: node
  linkType: hard

"promise@npm:8.1.0":
  version: 8.1.0
  resolution: "promise@npm:8.1.0"
  dependencies:
    asap: ~2.0.6
  checksum: 89b71a56154ed7d66a73236d8e8351a9c59adddba3929ecc845f75421ff37fc08ea0c67ad76cd5c0b0d81812c7d07a32bed27e7df5fcc960c6d68b0c1cd771f7
  languageName: node
  linkType: hard